
Microsoft Visual Studio Solution File, Format Version 12.00
# Visual Studio Version 16
VisualStudioVersion = 16.0.31424.327
MinimumVisualStudioVersion = 10.0.40219.1
Project("{FAE04EC0-301F-11D3-BF4B-00C04F79EFBC}") = "BinaryBrainsAPI", "BinaryBrainsAPI\BinaryBrainsAPI.csproj", "{17509612-1E8F-4109-8255-8C1CDF350B6B}"
EndProject
Global
	GlobalSection(SolutionConfigurationPlatforms) = preSolution
		Debug|Any CPU = Debug|Any CPU
		Release|Any CPU = Release|Any CPU
	EndGlobalSection
	GlobalSection(ProjectConfigurationPlatforms) = postSolution
		{17509612-1E8F-4109-8255-8C1CDF350B6B}.Debug|Any CPU.ActiveCfg = Debug|Any CPU
		{17509612-1E8F-4109-8255-8C1CDF350B6B}.Debug|Any CPU.Build.0 = Debug|Any CPU
		{17509612-1E8F-4109-8255-8C1CDF350B6B}.Release|Any CPU.ActiveCfg = Release|Any CPU
		{17509612-1E8F-4109-8255-8C1CDF350B6B}.Release|Any CPU.Build.0 = Release|Any CPU
	EndGlobalSection
	GlobalSection(SolutionProperties) = preSolution
		HideSolutionNode = FALSE
	EndGlobalSection
	GlobalSection(ExtensibilityGlobals) = postSolution
		SolutionGuid = {FA7CC74C-E98E-45F3-9590-17C4CD3BD3C2}
	EndGlobalSection
EndGlobal
